
Microsoft Visual Studio Solution File, Format Version 12.00
# Visual Studio 15
VisualStudioVersion = 15.0.28307.757
MinimumVisualStudioVersion = 10.0.40219.1
Project("{FAE04EC0-301F-11D3-BF4B-00C04F79EFBC}") = "MVCUnitTestingDemo", "MVCUnitTestingDemo\MVCUnitTestingDemo.csproj", "{1CFFF6F5-C55B-4BF9-830C-5CD18545756B}"
EndProject
Project("{FAE04EC0-301F-11D3-BF4B-00C04F79EFBC}") = "MVCUnitTestingDemo.Tests", "MVCUnitTestingDemo.Tests\MVCUnitTestingDemo.Tests.csproj", "{28226CE1-73CD-4BE0-B5DD-61DBC8E680E4}"
EndProject
Global
	GlobalSection(SolutionConfigurationPlatforms) = preSolution
		Debug|Any CPU = Debug|Any CPU
		Release|Any CPU = Release|Any CPU
	EndGlobalSection
	GlobalSection(ProjectConfigurationPlatforms) = postSolution
		{1CFFF6F5-C55B-4BF9-830C-5CD18545756B}.Debug|Any CPU.ActiveCfg = Debug|Any CPU
		{1CFFF6F5-C55B-4BF9-830C-5CD18545756B}.Debug|Any CPU.Build.0 = Debug|Any CPU
		{1CFFF6F5-C55B-4BF9-830C-5CD18545756B}.Release|Any CPU.ActiveCfg = Release|Any CPU
		{1CFFF6F5-C55B-4BF9-830C-5CD18545756B}.Release|Any CPU.Build.0 = Release|Any CPU
		{28226CE1-73CD-4BE0-B5DD-61DBC8E680E4}.Debug|Any CPU.ActiveCfg = Debug|Any CPU
		{28226CE1-73CD-4BE0-B5DD-61DBC8E680E4}.Debug|Any CPU.Build.0 = Debug|Any CPU
		{28226CE1-73CD-4BE0-B5DD-61DBC8E680E4}.Release|Any CPU.ActiveCfg = Release|Any CPU
		{28226CE1-73CD-4BE0-B5DD-61DBC8E680E4}.Release|Any CPU.Build.0 = Release|Any CPU
	EndGlobalSection
	GlobalSection(SolutionProperties) = preSolution
		HideSolutionNode = FALSE
	EndGlobalSection
	GlobalSection(ExtensibilityGlobals) = postSolution
		SolutionGuid = {C97CC48F-5182-4AE4-AED9-ACA824D1B46F}
	EndGlobalSection
EndGlobal
